{
  "requires": true,
  "lockfileVersion": 1,
  "dependencies": {
    "@types/com.vmware.pscoe.library.ts.mock": {
      "version": "file:../../../../../../.m2/repository/com/vmware/pscoe/library/ts/mock/2.0.4/mock-2.0.4.tgz",
      "integrity": "sha512-JDmkJ+3FXCHp9l2SEJIBz5h9igoI6No+KZi2aTsJDIoziq2kR7FJWy3REG6d3tZI7K+rBjj98OMZ/7+0KE+Rng=="
    },
    "@types/ecmascript": {
      "version": "file:../../../../../../.m2/repository/com/vmware/pscoe/ts/ecmascript/7.0.13/ecmascript-7.0.13.tgz",
      "integrity": "sha512-OmzPunR3OkbFWz0odi/ESGl//TbTHpEfPq6FWPNcL2T7wp2SPtz6j642kOzyms2wn3jlfJm0BoUjniwBqhy7AQ=="
    },
    "@types/jasmine": {
      "version": "file:../../../../../../.m2/repository/com/vmware/pscoe/ts/jasmine/7.0.13/jasmine-7.0.13.tgz",
      "integrity": "sha512-ZeBULkU9aKSci6w6TaJ+PCHAuUL+jJHYEatuYm6fN1Am9UNlNtnR2mC8sWDrnncQdXA1jwW1qvuISeJZIe9xBQ=="
    },
    "@types/node": {
      "version": "file:../../../../../../.m2/repository/com/vmware/pscoe/ts/node/7.0.13/node-7.0.13.tgz",
      "integrity": "sha512-WJ+KpcmkXCCLOUFepOh25ciHB2l3JQO8l1fm791zLmrgafUA51aglHsZCxjm+JDdGuabrfNyLx+WJZjIU+ZZ4Q=="
    },
    "@types/o11n-core": {
      "version": "file:../../../../../../.m2/repository/com/vmware/pscoe/ts/o11n-core/7.0.13/o11n-core-7.0.13.tgz",
      "integrity": "sha512-2LysRdzHOScXrsvmCEauq/i8lnYY89FvFvzhmqB1247BQw9tfacYsZg6lpG/jqKtxcDdDJg3Mpn9wBOlL6T/MA=="
    },
    "@types/o11n-plugin-activedirectory": {
      "version": "file:../../../../../../.m2/repository/com/vmware/pscoe/ts/o11n-plugin-activedirectory/7.0.13/o11n-plugin-activedirectory-7.0.13.tgz",
      "integrity": "sha512-B0bfmWu/X8xE7Z0AoTFJPoXRfc+PInnb7UiCkaSaClxKpOb2t8HaMkGkbKkf0wSJWX2vzj9P53jMLLuajbMl7A=="
    },
    "@types/o11n-plugin-amqp": {
      "version": "file:../../../../../../.m2/repository/com/vmware/pscoe/ts/o11n-plugin-amqp/7.0.13/o11n-plugin-amqp-7.0.13.tgz",
      "integrity": "sha512-ILumTlQ0uZi3YU08ZHzC9aspB4DizRnqhFXE4/E4g5ZnT0h0AEOw2mGbOzomsW5cVQ+aj0/733fsQ9jhX4oTtA=="
    },
    "@types/o11n-plugin-apic": {
      "version": "file:../../../../../../.m2/repository/com/vmware/pscoe/ts/o11n-plugin-apic/7.0.13/o11n-plugin-apic-7.0.13.tgz",
      "integrity": "sha512-jBaA3bNEORxGZfhABvRbymlaJkXpr5YCU4tHe3F+weOB5B2O0J6WFOOPCdYstJ36flgHkXq7q92lTkWGh1Thvg=="
    },
    "@types/o11n-plugin-azure": {
      "version": "file:../../../../../../.m2/repository/com/vmware/pscoe/ts/o11n-plugin-azure/7.0.13/o11n-plugin-azure-7.0.13.tgz",
      "integrity": "sha512-3LkY+TkHoH9rIZFbnFQdpaq2xJv//Mpe0+Bf5uVjUlKChY+VBe+dFTj+BAVJRksjSN3MFO0Y2eqMJMZkUz78+A=="
    },
    "@types/o11n-plugin-dynamictypes": {
      "version": "file:../../../../../../.m2/repository/com/vmware/pscoe/ts/o11n-plugin-dynamictypes/7.0.13/o11n-plugin-dynamictypes-7.0.13.tgz",
      "integrity": "sha512-WueVIsQ3KlYXDSZms4PjkenBPt7VFHtG4uKEU2rq145QfrLXRhUAj4CcOGZu794l5+i5xHNKs0yBFgClPV4+Lg=="
    },
    "@types/o11n-plugin-mail": {
      "version": "file:../../../../../../.m2/repository/com/vmware/pscoe/ts/o11n-plugin-mail/7.0.13/o11n-plugin-mail-7.0.13.tgz",
      "integrity": "sha512-jx1+NtI9ViovvgtrsVyUiaaLuxA6P4fesxPL0U69RqwDCBOuqOYFmP6WCvNiY41zs4b6PzDIUXiUXya2bIXctA=="
    },
    "@types/o11n-plugin-net": {
      "version": "file:../../../../../../.m2/repository/com/vmware/pscoe/ts/o11n-plugin-net/7.0.13/o11n-plugin-net-7.0.13.tgz",
      "integrity": "sha512-z/+n8Thsm/WznPPg6bC4Z47rYxLZSglnwYXmpbmBc9kH1e7/WkC7REoern8QDsTBxxhsO+8i9euyIeeR9RMPhA=="
    },
    "@types/o11n-plugin-nsx": {
      "version": "file:../../../../../../.m2/repository/com/vmware/pscoe/ts/o11n-plugin-nsx/7.0.13/o11n-plugin-nsx-7.0.13.tgz",
      "integrity": "sha512-yx2Vwac2WebqLQeQIl/wkfhctTfMyUQE9XT05ctW1pMZwAxIUUbJJX6C+TbmME+06XsDC+A4/YEvip4/zLOXyQ=="
    },
    "@types/o11n-plugin-powershell": {
      "version": "file:../../../../../../.m2/repository/com/vmware/pscoe/ts/o11n-plugin-powershell/7.0.13/o11n-plugin-powershell-7.0.13.tgz",
      "integrity": "sha512-vRAUU/j/UW1y8cqQi3D5YdoEv9gVrTuS65tYUQc6E/3lxHANJHAEvBaotqaCKGP5gnMCCVhCXXuwyMBcZrfSsA=="
    },
    "@types/o11n-plugin-rest": {
      "version": "file:../../../../../../.m2/repository/com/vmware/pscoe/ts/o11n-plugin-rest/7.0.13/o11n-plugin-rest-7.0.13.tgz",
      "integrity": "sha512-6ECPfsdLR5wl63Vgfs5bi8uJO3PvV0foFiPC15PNzyZq6TH75VE8ywzhTP10gHJ0O5cm6NFAcCg41Bs60qCFvA=="
    },
    "@types/o11n-plugin-snmp": {
      "version": "file:../../../../../../.m2/repository/com/vmware/pscoe/ts/o11n-plugin-snmp/7.0.13/o11n-plugin-snmp-7.0.13.tgz",
      "integrity": "sha512-whk5XabRLCElaRFRLpxAVuZ9vK+FRerGzRNTorAn3zA9CHOHxYG3AHvdYf55KFoXBb0dPBBY2DWhh8EzaC7nCA=="
    },
    "@types/o11n-plugin-soap": {
      "version": "file:../../../../../../.m2/repository/com/vmware/pscoe/ts/o11n-plugin-soap/7.0.13/o11n-plugin-soap-7.0.13.tgz",
      "integrity": "sha512-Hph+61u2tzNIEjZrHxmlKbu5n0RGaXUrhRuuOjn8uM4bH7tA6+m6BrzkK4AtuIykcqw3ZUefM1LH/bnjKRL9aA=="
    },
    "@types/o11n-plugin-sql": {
      "version": "file:../../../../../../.m2/repository/com/vmware/pscoe/ts/o11n-plugin-sql/7.0.13/o11n-plugin-sql-7.0.13.tgz",
      "integrity": "sha512-iE818ZpO2AFouB5Rm/uBBoNWXP4EGI8CVPCN6qWJ2VLIo9mvnowBX6qbMwBbAwUXO0F25xpafJZrcp/FEdNbCw=="
    },
    "@types/o11n-plugin-ssh": {
      "version": "file:../../../../../../.m2/repository/com/vmware/pscoe/ts/o11n-plugin-ssh/7.0.13/o11n-plugin-ssh-7.0.13.tgz",
      "integrity": "sha512-llLCHGgOToEMEC3nnIc5yVPSAkdLW09Mwyk8WDV7TCXVHYrX6c1VE9gkc/nZjUydYytB8tpZXHiLpoC0eIaQZA=="
    },
    "@types/o11n-plugin-vapi": {
      "version": "file:../../../../../../.m2/repository/com/vmware/pscoe/ts/o11n-plugin-vapi/7.0.13/o11n-plugin-vapi-7.0.13.tgz",
      "integrity": "sha512-Gf0J/Ri8MslfP4R6jo479V4ROz16qcvKeMpMVBIA6Kd1dmHpy/acyQlH4C5oOyW7pT5n7bFKp39w51GJXqABqA=="
    },
    "@types/o11n-plugin-vc": {
      "version": "file:../../../../../../.m2/repository/com/vmware/pscoe/ts/o11n-plugin-vc/7.0.13/o11n-plugin-vc-7.0.13.tgz",
      "integrity": "sha512-V/hvHRFmACx89LoypaOJc8tdOHPshdFygD7w8fuue4hgBL1PzWydz9ULvsG3zXEZe26HYivfc8azf9ltxQ2Pww=="
    },
    "@types/o11n-plugin-vcac": {
      "version": "file:../../../../../../.m2/repository/com/vmware/pscoe/ts/o11n-plugin-vcac/7.0.13/o11n-plugin-vcac-7.0.13.tgz",
      "integrity": "sha512-KjqC2XyiD2hTtM+ZoxS5PDv4ihl5X2RqvlahlZzSg037ucCyNPNdY80Tr+boKz6IfyKmVkB61W6WtloPefBOtw=="
    },
    "@types/o11n-plugin-vcaccafe": {
      "version": "file:../../../../../../.m2/repository/com/vmware/pscoe/ts/o11n-plugin-vcaccafe/7.0.13/o11n-plugin-vcaccafe-7.0.13.tgz",
      "integrity": "sha512-9Fj//85Q9xKTcElAlVSmYJJYZkCb8b0eEBpSR7XKK9PQ2X4ZGGQ32/H8el+FLjUP7KQsdYCc4J6ZgRCQ5/xa4w=="
    },
    "@types/o11n-plugin-vcloud": {
      "version": "file:../../../../../../.m2/repository/com/vmware/pscoe/ts/o11n-plugin-vcloud/7.0.13/o11n-plugin-vcloud-7.0.13.tgz",
      "integrity": "sha512-GZBo4VCVM+RJJ5Gyc9nBUafIEAMpUeHz0GwnL4e95prR/CUj2+MkKJfG5dQyfGlZ/1TzVb3q3ezEHG019sKNTA=="
    },
    "@types/o11n-plugin-vco": {
      "version": "file:../../../../../../.m2/repository/com/vmware/pscoe/ts/o11n-plugin-vco/7.0.13/o11n-plugin-vco-7.0.13.tgz",
      "integrity": "sha512-p2bmN9oP16h7pcy+BsFa6wwtEAb05EVqY8litq3q5sb2pOE7vnryOxVpsZxN0LXmdTD0JdE/BJf5iWIB/XC4nQ=="
    },
    "@types/o11n-plugin-xml": {
      "version": "file:../../../../../../.m2/repository/com/vmware/pscoe/ts/o11n-plugin-xml/7.0.13/o11n-plugin-xml-7.0.13.tgz",
      "integrity": "sha512-FHNztxI1Tv3N5S7OpnIFX9gELgGjOOE4/LzdUaUJF1FL9P2Gq7122Lb9yRQWzLGIySLCjX1oEyQ38ILRDF1QRQ=="
    },
    "@types/vrotsc-annotations": {
      "version": "file:../../../../../../.m2/repository/com/vmware/pscoe/ts/vrotsc-annotations/2.12.5/vrotsc-annotations-2.12.5.tgz",
      "integrity": "sha512-rw72YH6JIkoL0+7uKmg6sBNKkgeDvbyRrEHpCphLg6CDf2VbB1vP9CwjQYXuMeKVVeBDEKMTrRapCcMgykXooQ=="
    },
    "@vmware-pscoe/vrotsc": {
      "version": "file:../../../../../../.m2/repository/com/vmware/pscoe/iac/vrotsc/2.12.5/vrotsc-2.12.5.tgz",
      "integrity": "sha512-Vv/8UG60U39H0fcp9eI1o+jUjWIAig9UO8uVjTvAZwKjJPMTQqZhmPTsT0o1xSRsttp93XKzjil6ZSkOp2GqeQ=="
    }
  }
}
